
Microsoft Visual Studio Solution File, Format Version 12.00
# Visual Studio Version 17
VisualStudioVersion = 17.3.32901.215
MinimumVisualStudioVersion = 10.0.40219.1
Project("{FAE04EC0-301F-11D3-BF4B-00C04F79EFBC}") = "Car", "Car\Car.csproj", "{3871284A-1882-4233-A16F-91C27270AD3C}"
EndProject
Global
	GlobalSection(SolutionConfigurationPlatforms) = preSolution
		Debug|Any CPU = Debug|Any CPU
		Release|Any CPU = Release|Any CPU
	EndGlobalSection
	GlobalSection(ProjectConfigurationPlatforms) = postSolution
		{3871284A-1882-4233-A16F-91C27270AD3C}.Debug|Any CPU.ActiveCfg = Debug|Any CPU
		{3871284A-1882-4233-A16F-91C27270AD3C}.Debug|Any CPU.Build.0 = Debug|Any CPU
		{3871284A-1882-4233-A16F-91C27270AD3C}.Release|Any CPU.ActiveCfg = Release|Any CPU
		{3871284A-1882-4233-A16F-91C27270AD3C}.Release|Any CPU.Build.0 = Release|Any CPU
	EndGlobalSection
	GlobalSection(SolutionProperties) = preSolution
		HideSolutionNode = FALSE
	EndGlobalSection
	GlobalSection(ExtensibilityGlobals) = postSolution
		SolutionGuid = {72AD757D-B543-4EAB-95F1-9079F36EC31E}
	EndGlobalSection
EndGlobal
